
Microsoft Visual Studio Solution File, Format Version 11.00
# Visual Studio 2010
Project("{FAE04EC0-301F-11D3-BF4B-00C04F79EFBC}") = "PathCreator", "PathCreator.csproj", "{DDF7C0A0-EA20-E6A7-B157-E732BC50F583}"
EndProject
Project("{FAE04EC0-301F-11D3-BF4B-00C04F79EFBC}") = "Assembly-CSharp", "Assembly-CSharp.csproj", "{548570B3-11A7-9EC8-DDA0-44041DD7827E}"
EndProject
Project("{FAE04EC0-301F-11D3-BF4B-00C04F79EFBC}") = "PathCreatorEditor", "PathCreatorEditor.csproj", "{52B1D766-63F8-D271-8BF5-3625588B5DF2}"
EndProject
Project("{FAE04EC0-301F-11D3-BF4B-00C04F79EFBC}") = "Assembly-CSharp-Editor", "Assembly-CSharp-Editor.csproj", "{4383AFC9-6B29-2F2A-7296-33F4A422550C}"
EndProject
Global
	GlobalSection(SolutionConfigurationPlatforms) = preSolution
		Debug|Any CPU = Debug|Any CPU
		Release|Any CPU = Release|Any CPU
	EndGlobalSection
	GlobalSection(ProjectConfigurationPlatforms) = postSolution
		{DDF7C0A0-EA20-E6A7-B157-E732BC50F583}.Debug|Any CPU.ActiveCfg = Debug|Any CPU
		{DDF7C0A0-EA20-E6A7-B157-E732BC50F583}.Debug|Any CPU.Build.0 = Debug|Any CPU
		{DDF7C0A0-EA20-E6A7-B157-E732BC50F583}.Release|Any CPU.ActiveCfg = Release|Any CPU
		{DDF7C0A0-EA20-E6A7-B157-E732BC50F583}.Release|Any CPU.Build.0 = Release|Any CPU
		{548570B3-11A7-9EC8-DDA0-44041DD7827E}.Debug|Any CPU.ActiveCfg = Debug|Any CPU
		{548570B3-11A7-9EC8-DDA0-44041DD7827E}.Debug|Any CPU.Build.0 = Debug|Any CPU
		{548570B3-11A7-9EC8-DDA0-44041DD7827E}.Release|Any CPU.ActiveCfg = Release|Any CPU
		{548570B3-11A7-9EC8-DDA0-44041DD7827E}.Release|Any CPU.Build.0 = Release|Any CPU
		{52B1D766-63F8-D271-8BF5-3625588B5DF2}.Debug|Any CPU.ActiveCfg = Debug|Any CPU
		{52B1D766-63F8-D271-8BF5-3625588B5DF2}.Debug|Any CPU.Build.0 = Debug|Any CPU
		{52B1D766-63F8-D271-8BF5-3625588B5DF2}.Release|Any CPU.ActiveCfg = Release|Any CPU
		{52B1D766-63F8-D271-8BF5-3625588B5DF2}.Release|Any CPU.Build.0 = Release|Any CPU
		{4383AFC9-6B29-2F2A-7296-33F4A422550C}.Debug|Any CPU.ActiveCfg = Debug|Any CPU
		{4383AFC9-6B29-2F2A-7296-33F4A422550C}.Debug|Any CPU.Build.0 = Debug|Any CPU
		{4383AFC9-6B29-2F2A-7296-33F4A422550C}.Release|Any CPU.ActiveCfg = Release|Any CPU
		{4383AFC9-6B29-2F2A-7296-33F4A422550C}.Release|Any CPU.Build.0 = Release|Any CPU
	EndGlobalSection
	GlobalSection(SolutionProperties) = preSolution
		HideSolutionNode = FALSE
	EndGlobalSection
EndGlobal
